// !$*UTF8*$!
{
	archiveVersion = 1;
	classes = {
	};
	objectVersion = 50;
	objects = {

/* Begin PBXBuildFile section */
		2980808326B43071006082CA /* AppDelegate.swift in Sources */ = {isa = PBXBuildFile; fileRef = 2980808226B43071006082CA /* AppDelegate.swift */; };
		2980808526B43071006082CA /* SceneDelegate.swift in Sources */ = {isa = PBXBuildFile; fileRef = 2980808426B43071006082CA /* SceneDelegate.swift */; };
		2980808726B43071006082CA /* ViewController.swift in Sources */ = {isa = PBXBuildFile; fileRef = 2980808626B43071006082CA /* ViewController.swift */; };
		2980808A26B43071006082CA /* Main.storyboard in Resources */ = {isa = PBXBuildFile; fileRef = 2980808826B43071006082CA /* Main.storyboard */; };
		2980808C26B43076006082CA /* Assets.xcassets in Resources */ = {isa = PBXBuildFile; fileRef = 2980808B26B43076006082CA /* Assets.xcassets */; };
		2980808F26B43076006082CA /* LaunchScreen.storyboard in Resources */ = {isa = PBXBuildFile; fileRef = 2980808D26B43076006082CA /* LaunchScreen.storyboard */; };
		91B540D429F2AD220016E11E /* TransactionViewController.swift in Sources */ = {isa = PBXBuildFile; fileRef = 91B540D329F2AD220016E11E /* TransactionViewController.swift */; };
		A1B2C30000000000000101 /* TransactionCategory.swift in Sources */ = {isa = PBXBuildFile; fileRef = A1B2C30000000000000001 /* TransactionCategory.swift */; };
		A1B2C30000000000000102 /* TransactionType.swift in Sources */ = {isa = PBXBuildFile; fileRef = A1B2C30000000000000002 /* TransactionType.swift */; };
		A1B2C30000000000000103 /* Transaction.swift in Sources */ = {isa = PBXBuildFile; fileRef = A1B2C30000000000000003 /* Transaction.swift */; };
		A1B2C30000000000000104 /* TransactionStore.swift in Sources */ = {isa = PBXBuildFile; fileRef = A1B2C30000000000000004 /* TransactionStore.swift */; };
		A1B2C30000000000000105 /* ChartSlice.swift in Sources */ = {isa = PBXBuildFile; fileRef = A1B2C30000000000000005 /* ChartSlice.swift */; };
		A1B2C30000000000000106 /* PieChartView.swift in Sources */ = {isa = PBXBuildFile; fileRef = A1B2C30000000000000006 /* PieChartView.swift */; };
		A1B2C30000000000000107 /* DonutChartView.swift in Sources */ = {isa = PBXBuildFile; fileRef = A1B2C30000000000000007 /* DonutChartView.swift */; };
/* End PBXBuildFile section */

/* Begin PBXFileReference section */
		2980807F26B43071006082CA /* PieDay.app */ = {isa = PBXFileReference; explicitFileType = wrapper.application; includeInIndex = 0; path = PieDay.app; sourceTree = BUILT_PRODUCTS_DIR; };
		2980808226B43071006082CA /* AppDelegate.swift */ = {isa = PBXFileReference; lastKnownFileType = sourcecode.swift; path = AppDelegate.swift; sourceTree = "<group>"; };
		2980808426B43071006082CA /* SceneDelegate.swift */ = {isa = PBXFileReference; lastKnownFileType = sourcecode.swift; path = SceneDelegate.swift; sourceTree = "<group>"; };
		2980808626B43071006082CA /* ViewController.swift */ = {isa = PBXFileReference; lastKnownFileType = sourcecode.swift; path = ViewController.swift; sourceTree = "<group>"; };
		2980808926B43071006082CA /* Base */ = {isa = PBXFileReference; lastKnownFileType = file.storyboard; name = Base; path = Base.lproj/Main.storyboard; sourceTree = "<group>"; };
		2980808B26B43076006082CA /* Assets.xcassets */ = {isa = PBXFileReference; lastKnownFileType = folder.assetcatalog; path = Assets.xcassets; sourceTree = "<group>"; };
		2980808E26B43076006082CA /* Base */ = {isa = PBXFileReference; lastKnownFileType = file.storyboard; name = Base; path = Base.lproj/LaunchScreen.storyboard; sourceTree = "<group>"; };
		2980809026B43076006082CA /* Info.plist */ = {isa = PBXFileReference; lastKnownFileType = text.plist.xml; path = Info.plist; sourceTree = "<group>"; };
		91B540D329F2AD220016E11E /* TransactionViewController.swift */ = {isa = PBXFileReference; lastKnownFileType = sourcecode.swift; path = TransactionViewController.swift; sourceTree = "<group>"; };
		A1B2C30000000000000001 /* TransactionCategory.swift */ = {isa = PBXFileReference; lastKnownFileType = sourcecode.swift; path = TransactionCategory.swift; sourceTree = "<group>"; };
		A1B2C30000000000000002 /* TransactionType.swift */ = {isa = PBXFileReference; lastKnownFileType = sourcecode.swift; path = TransactionType.swift; sourceTree = "<group>"; };
		A1B2C30000000000000003 /* Transaction.swift */ = {isa = PBXFileReference; lastKnownFileType = sourcecode.swift; path = Transaction.swift; sourceTree = "<group>"; };
		A1B2C30000000000000004 /* TransactionStore.swift */ = {isa = PBXFileReference; lastKnownFileType = sourcecode.swift; path = TransactionStore.swift; sourceTree = "<group>"; };
		A1B2C30000000000000005 /* ChartSlice.swift */ = {isa = PBXFileReference; lastKnownFileType = sourcecode.swift; path = ChartSlice.swift; sourceTree = "<group>"; };
		A1B2C30000000000000006 /* PieChartView.swift */ = {isa = PBXFileReference; lastKnownFileType = sourcecode.swift; path = PieChartView.swift; sourceTree = "<group>"; };
		A1B2C30000000000000007 /* DonutChartView.swift */ = {isa = PBXFileReference; lastKnownFileType = sourcecode.swift; path = DonutChartView.swift; sourceTree = "<group>"; };
/* End PBXFileReference section */

/* Begin PBXFrameworksBuildPhase section */
		2980807C26B43071006082CA /* Frameworks */ = {
			isa = PBXFrameworksBuildPhase;
			buildActionMask = 2147483647;
			files = (
			);
			runOnlyForDeploymentPostprocessing = 0;
		};
/* End PBXFrameworksBuildPhase section */

/* Begin PBXGroup section */
		2980807626B43071006082CA = {
			isa = PBXGroup;
			children = (
				2980808126B43071006082CA /* PieDay */,
				2980808026B43071006082CA /* Products */,
			);
			sourceTree = "<group>";
		};
		2980808026B43071006082CA /* Products */ = {
			isa = PBXGroup;
			children = (
				2980807F26B43071006082CA /* PieDay.app */,
			);
			name = Products;
			sourceTree = "<group>";
		};
		2980808126B43071006082CA /* PieDay */ = {
			isa = PBXGroup;
			children = (
				2980808226B43071006082CA /* AppDelegate.swift */,
				2980808426B43071006082CA /* SceneDelegate.swift */,
				A1B2C30000000000000001 /* TransactionCategory.swift */,
				A1B2C30000000000000002 /* TransactionType.swift */,
				A1B2C30000000000000003 /* Transaction.swift */,
				A1B2C30000000000000004 /* TransactionStore.swift */,
				A1B2C30000000000000005 /* ChartSlice.swift */,
				A1B2C30000000000000006 /* PieChartView.swift */,
				A1B2C30000000000000007 /* DonutChartView.swift */,
				91B540D329F2AD220016E11E /* TransactionViewController.swift */,
				2980808626B43071006082CA /* ViewController.swift */,
				2980808826B43071006082CA /* Main.storyboard */,
				2980808B26B43076006082CA /* Assets.xcassets */,
				2980808D26B43076006082CA /* LaunchScreen.storyboard */,
				2980809026B43076006082CA /* Info.plist */,
			);
			path = PieDay;
			sourceTree = "<group>";
		};
/* End PBXGroup section */

/* Begin PBXNativeTarget section */
		2980807E26B43071006082CA /* PieDay */ = {
			isa = PBXNativeTarget;
			buildConfigurationList = 2980809326B43076006082CA /* Build configuration list for PBXNativeTarget "PieDay" */;
			buildPhases = (
				2980807B26B43071006082CA /* Sources */,
				2980807C26B43071006082CA /* Frameworks */,
				2980807D26B43071006082CA /* Resources */,
			);
			buildRules = (
			);
			dependencies = (
			);
			name = PieDay;
			productName = PieDay;
			productReference = 2980807F26B43071006082CA /* PieDay.app */;
			productType = "com.apple.product-type.application";
		};
/* End PBXNativeTarget section */

/* Begin PBXProject section */
		2980807726B43071006082CA /* Project object */ = {
			isa = PBXProject;
			attributes = {
				LastSwiftUpdateCheck = 1250;
				LastUpgradeCheck = 1250;
				TargetAttributes = {
					2980807E26B43071006082CA = {
						CreatedOnToolsVersion = 12.5;
					};
				};
			};
			buildConfigurationList = 2980807A26B43071006082CA /* Build configuration list for PBXProject "PieDay" */;
			compatibilityVersion = "Xcode 9.3";
			developmentRegion = en;
			hasScannedForEncodings = 0;
			knownRegions = (
				en,
				Base,
			);
			mainGroup = 2980807626B43071006082CA;
			productRefGroup = 2980808026B43071006082CA /* Products */;
			projectDirPath = "";
			projectRoot = "";
			targets = (
				2980807E26B43071006082CA /* PieDay */,
			);
		};
/* End PBXProject section */

/* Begin PBXResourcesBuildPhase section */
		2980807D26B43071006082CA /* Resources */ = {
			isa = PBXResourcesBuildPhase;
			buildActionMask = 2147483647;
			files = (
				2980808F26B43076006082CA /* LaunchScreen.storyboard in Resources */,
				2980808C26B43076006082CA /* Assets.xcassets in Resources */,
				2980808A26B43071006082CA /* Main.storyboard in Resources */,
			);
			runOnlyForDeploymentPostprocessing = 0;
		};
/* End PBXResourcesBuildPhase section */

/* Begin PBXSourcesBuildPhase section */
		2980807B26B43071006082CA /* Sources */ = {
			isa = PBXSourcesBuildPhase;
			buildActionMask = 2147483647;
			files = (
				A1B2C30000000000000101 /* TransactionCategory.swift in Sources */,
				A1B2C30000000000000102 /* TransactionType.swift in Sources */,
				A1B2C30000000000000103 /* Transaction.swift in Sources */,
				A1B2C30000000000000104 /* TransactionStore.swift in Sources */,
				A1B2C30000000000000105 /* ChartSlice.swift in Sources */,
				A1B2C30000000000000106 /* PieChartView.swift in Sources */,
				A1B2C30000000000000107 /* DonutChartView.swift in Sources */,
				91B540D429F2AD220016E11E /* TransactionViewController.swift in Sources */,
				2980808726B43071006082CA /* ViewController.swift in Sources */,
				2980808326B43071006082CA /* AppDelegate.swift in Sources */,
				2980808526B43071006082CA /* SceneDelegate.swift in Sources */,
			);
			runOnlyForDeploymentPostprocessing = 0;
		};
/* End PBXSourcesBuildPhase section */

/* Begin PBXVariantGroup section */
		2980808826B43071006082CA /* Main.storyboard */ = {
			isa = PBXVariantGroup;
			children = (
				2980808926B43071006082CA /* Base */,
			);
			name = Main.storyboard;
			sourceTree = "<group>";
		};
		2980808D26B43076006082CA /* LaunchScreen.storyboard */ = {
			isa = PBXVariantGroup;
			children = (
				2980808E26B43076006082CA /* Base */,
			);
			name = LaunchScreen.storyboard;
			sourceTree = "<group>";
		};
/* End PBXVariantGroup section */

/* Begin XCBuildConfiguration section */
		2980809126B43076006082CA /* Debug */ = {
			isa = XCBuildConfiguration;
			buildSettings = {
				ALWAYS_SEARCH_USER_PATHS = NO;
				CLANG_ANALYZER_NONNULL = YES;
				CLANG_ANALYZER_NUMBER_OBJECT_CONVERSION = YES_AGGRESSIVE;
				CLANG_CXX_LANGUAGE_STANDARD = "gnu++14";
				CLANG_CXX_LIBRARY = "libc++";
				CLANG_ENABLE_MODULES = YES;
				CLANG_ENABLE_OBJC_ARC = YES;
				CLANG_ENABLE_OBJC_WEAK = YES;
				CLANG_WARN_BLOCK_CAPTURE_AUTORELEASING = YES;
				CLANG_WARN_BOOL_CONVERSION = YES;
				CLANG_WARN_COMMA = YES;
				CLANG_WARN_CONSTANT_CONVERSION = YES;
				CLANG_WARN_DEPRECATED_OBJC_IMPLEMENTATIONS = YES;
				CLANG_WARN_DIRECT_OBJC_ISA_USAGE = YES_ERROR;
				CLANG_WARN_DOCUMENTATION_COMMENTS = YES;
				CLANG_WARN_EMPTY_BODY = YES;
				CLANG_WARN_ENUM_CONVERSION = YES;
				CLANG_WARN_INFINITE_RECURSION = YES;
				CLANG_WARN_INT_CONVERSION = YES;
				CLANG_WARN_NON_LITERAL_NULL_CONVERSION = YES;
				CLANG_WARN_OBJC_IMPLICIT_RETAIN_SELF = YES;
				CLANG_WARN_OBJC_LITERAL_CONVERSION = YES;
				CLANG_WARN_OBJC_ROOT_CLASS = YES_ERROR;
				CLANG_WARN_QUOTED_INCLUDE_IN_FRAMEWORK_HEADER = YES;
				CLANG_WARN_RANGE_LOOP_ANALYSIS = YES;
				CLANG_WARN_STRICT_PROTOTYPES = YES;
				CLANG_WARN_SUSPICIOUS_MOVE = YES;
				CLANG_WARN_UNGUARDED_AVAILABILITY = YES_AGGRESSIVE;
				CLANG_WARN_UNREACHABLE_CODE = YES;
				CLANG_WARN__DUPLICATE_METHOD_MATCH = YES;
				COPY_PHASE_STRIP = NO;
				DEBUG_INFORMATION_FORMAT = dwarf;
				ENABLE_STRICT_OBJC_MSGSEND = YES;
				ENABLE_TESTABILITY = YES;
				GCC_C_LANGUAGE_STANDARD = gnu11;
				GCC_DYNAMIC_NO_PIC = NO;
				GCC_NO_COMMON_BLOCKS = YES;
				GCC_OPTIMIZATION_LEVEL = 0;
				GCC_PREPROCESSOR_DEFINITIONS = (
					"DEBUG=1",
					"$(inherited)",
				);
				GCC_WARN_64_TO_32_BIT_CONVERSION = YES;
				GCC_WARN_ABOUT_RETURN_TYPE = YES_ERROR;
				GCC_WARN_UNDECLARED_SELECTOR = YES;
				GCC_WARN_UNINITIALIZED_AUTOS = YES_AGGRESSIVE;
				GCC_WARN_UNUSED_FUNCTION = YES;
				GCC_WARN_UNUSED_VARIABLE = YES;
				IPHONEOS_DEPLOYMENT_TARGET = 14.5;
				MTL_ENABLE_DEBUG_INFO = INCLUDE_SOURCE;
				MTL_FAST_MATH = YES;
				ONLY_ACTIVE_ARCH = YES;
				SDKROOT = iphoneos;
				SWIFT_ACTIVE_COMPILATION_CONDITIONS = DEBUG;
				SWIFT_OPTIMIZATION_LEVEL = "-Onone";
			};
			name = Debug;
		};
		2980809226B43076006082CA /* Release */ = {
			isa = XCBuildConfiguration;
			buildSettings = {
				ALWAYS_SEARCH_USER_PATHS = NO;
				CLANG_ANALYZER_NONNULL = YES;
				CLANG_ANALYZER_NUMBER_OBJECT_CONVERSION = YES_AGGRESSIVE;
				CLANG_CXX_LANGUAGE_STANDARD = "gnu++14";
				CLANG_CXX_LIBRARY = "libc++";
				CLANG_ENABLE_MODULES = YES;
				CLANG_ENABLE_OBJC_ARC = YES;
				CLANG_ENABLE_OBJC_WEAK = YES;
				CLANG_WARN_BLOCK_CAPTURE_AUTORELEASING = YES;
				CLANG_WARN_BOOL_CONVERSION = YES;
				CLANG_WARN_COMMA = YES;
				CLANG_WARN_CONSTANT_CONVERSION = YES;
				CLANG_WARN_DEPRECATED_OBJC_IMPLEMENTATIONS = YES;
				CLANG_WARN_DIRECT_OBJC_ISA_USAGE = YES_ERROR;
				CLANG_WARN_DOCUMENTATION_COMMENTS = YES;
				CLANG_WARN_EMPTY_BODY = YES;
				CLANG_WARN_ENUM_CONVERSION = YES;
				CLANG_WARN_INFINITE_RECURSION = YES;
				CLANG_WARN_INT_CONVERSION = YES;
				CLANG_WARN_NON_LITERAL_NULL_CONVERSION = YES;
				CLANG_WARN_OBJC_IMPLICIT_RETAIN_SELF = YES;
				CLANG_WARN_OBJC_LITERAL_CONVERSION = YES;
				CLANG_WARN_OBJC_ROOT_CLASS = YES_ERROR;
				CLANG_WARN_QUOTED_INCLUDE_IN_FRAMEWORK_HEADER = YES;
				CLANG_WARN_RANGE_LOOP_ANALYSIS = YES;
				CLANG_WARN_STRICT_PROTOTYPES = YES;
				CLANG_WARN_SUSPICIOUS_MOVE = YES;
				CLANG_WARN_UNGUARDED_AVAILABILITY = YES_AGGRESSIVE;
				CLANG_WARN_UNREACHABLE_CODE = YES;
				CLANG_WARN__DUPLICATE_METHOD_MATCH = YES;
				COPY_PHASE_STRIP = NO;
				DEBUG_INFORMATION_FORMAT = "dwarf-with-dsym";
				ENABLE_NS_ASSERTIONS = NO;
				ENABLE_STRICT_OBJC_MSGSEND = YES;
				GCC_C_LANGUAGE_STANDARD = gnu11;
				GCC_NO_COMMON_BLOCKS = YES;
				GCC_WARN_64_TO_32_BIT_CONVERSION = YES;
				GCC_WARN_ABOUT_RETURN_TYPE = YES_ERROR;
				GCC_WARN_UNDECLARED_SELECTOR = YES;
				GCC_WARN_UNINITIALIZED_AUTOS = YES_AGGRESSIVE;
				GCC_WARN_UNUSED_FUNCTION = YES;
				GCC_WARN_UNUSED_VARIABLE = YES;
				IPHONEOS_DEPLOYMENT_TARGET = 14.5;
				MTL_ENABLE_DEBUG_INFO = NO;
				MTL_FAST_MATH = YES;
				SDKROOT = iphoneos;
				SWIFT_COMPILATION_MODE = wholemodule;
				SWIFT_OPTIMIZATION_LEVEL = "-O";
				VALIDATE_PRODUCT = YES;
			};
			name = Release;
		};
		2980809426B43076006082CA /* Debug */ = {
			isa = XCBuildConfiguration;
			buildSettings = {
				ASSETCATALOG_COMPILER_APPICON_NAME = AppIcon;
				ASSETCATALOG_COMPILER_GLOBAL_ACCENT_COLOR_NAME = AccentColor;
				CODE_SIGN_STYLE = Automatic;
				DEVELOPMENT_TEAM = VWDLUM96X8;
				INFOPLIST_FILE = PieDay/Info.plist;
				LD_RUNPATH_SEARCH_PATHS = (
					"$(inherited)",
					"@executable_path/Frameworks",
				);
				PRODUCT_BUNDLE_IDENTIFIER = ClcStudio.PieDay;
				PRODUCT_NAME = "$(TARGET_NAME)";
				SWIFT_VERSION = 5.0;
				TARGETED_DEVICE_FAMILY = "1,2";
			};
			name = Debug;
		};
		2980809526B43076006082CA /* Release */ = {
			isa = XCBuildConfiguration;
			buildSettings = {
				ASSETCATALOG_COMPILER_APPICON_NAME = AppIcon;
				ASSETCATALOG_COMPILER_GLOBAL_ACCENT_COLOR_NAME = AccentColor;
				CODE_SIGN_STYLE = Automatic;
				DEVELOPMENT_TEAM = VWDLUM96X8;
				INFOPLIST_FILE = PieDay/Info.plist;
				LD_RUNPATH_SEARCH_PATHS = (
					"$(inherited)",
					"@executable_path/Frameworks",
				);
				PRODUCT_BUNDLE_IDENTIFIER = ClcStudio.PieDay;
				PRODUCT_NAME = "$(TARGET_NAME)";
				SWIFT_VERSION = 5.0;
				TARGETED_DEVICE_FAMILY = "1,2";
			};
			name = Release;
		};
/* End XCBuildConfiguration section */

/* Begin XCConfigurationList section */
		2980807A26B43071006082CA /* Build configuration list for PBXProject "PieDay" */ = {
			isa = XCConfigurationList;
			buildConfigurations = (
				2980809126B43076006082CA /* Debug */,
				2980809226B43076006082CA /* Release */,
			);
			defaultConfigurationIsVisible = 0;
			defaultConfigurationName = Release;
		};
		2980809326B43076006082CA /* Build configuration list for PBXNativeTarget "PieDay" */ = {
			isa = XCConfigurationList;
			buildConfigurations = (
				2980809426B43076006082CA /* Debug */,
				2980809526B43076006082CA /* Release */,
			);
			defaultConfigurationIsVisible = 0;
			defaultConfigurationName = Release;
		};
/* End XCConfigurationList section */
	};
	rootObject = 2980807726B43071006082CA /* Project object */;
}
